// !$*UTF8*$!
{
	archiveVersion = 1;
	classes = {
	};
	objectVersion = 50;
	objects = {

/* Begin PBXBuildFile section */
		FE3073F7292FBA7500E925D4 /* AppDelegate.swift in Sources */ = {isa = PBXBuildFile; fileRef = FE3073F6292FBA7500E925D4 /* AppDelegate.swift */; };
		FE3073F9292FBA7500E925D4 /* SceneDelegate.swift in Sources */ = {isa = PBXBuildFile; fileRef = FE3073F8292FBA7500E925D4 /* SceneDelegate.swift */; };
		FE3073FB292FBA7500E925D4 /* ViewController.swift in Sources */ = {isa = PBXBuildFile; fileRef = FE3073FA292FBA7500E925D4 /* ViewController.swift */; };
		FE3073FE292FBA7500E925D4 /* Main.storyboard in Resources */ = {isa = PBXBuildFile; fileRef = FE3073FC292FBA7500E925D4 /* Main.storyboard */; };
		FE307400292FBA7600E925D4 /* Assets.xcassets in Resources */ = {isa = PBXBuildFile; fileRef = FE3073FF292FBA7600E925D4 /* Assets.xcassets */; };
		FE307403292FBA7600E925D4 /* LaunchScreen.storyboard in Resources */ = {isa = PBXBuildFile; fileRef = FE307401292FBA7600E925D4 /* LaunchScreen.storyboard */; };
		FEF1AB072947B60B008EF488 /* secondViewController.swift in Sources */ = {isa = PBXBuildFile; fileRef = FEF1AB062947B60B008EF488 /* secondViewController.swift */; };
/* End PBXBuildFile section */

/* Begin PBXFileReference section */
		FE3073F3292FBA7500E925D4 /* CloneSpotify.app */ = {isa = PBXFileReference; explicitFileType = wrapper.application; includeInIndex = 0; path = CloneSpotify.app; sourceTree = BUILT_PRODUCTS_DIR; };
		FE3073F6292FBA7500E925D4 /* AppDelegate.swift */ = {isa = PBXFileReference; lastKnownFileType = sourcecode.swift; path = AppDelegate.swift; sourceTree = "<group>"; };
		FE3073F8292FBA7500E925D4 /* SceneDelegate.swift */ = {isa = PBXFileReference; lastKnownFileType = sourcecode.swift; path = SceneDelegate.swift; sourceTree = "<group>"; };
		FE3073FA292FBA7500E925D4 /* ViewController.swift */ = {isa = PBXFileReference; lastKnownFileType = sourcecode.swift; path = ViewController.swift; sourceTree = "<group>"; };
		FE3073FD292FBA7500E925D4 /* Base */ = {isa = PBXFileReference; lastKnownFileType = file.storyboard; name = Base; path = Base.lproj/Main.storyboard; sourceTree = "<group>"; };
		FE3073FF292FBA7600E925D4 /* Assets.xcassets */ = {isa = PBXFileReference; lastKnownFileType = folder.assetcatalog; path = Assets.xcassets; sourceTree = "<group>"; };
		FE307402292FBA7600E925D4 /* Base */ = {isa = PBXFileReference; lastKnownFileType = file.storyboard; name = Base; path = Base.lproj/LaunchScreen.storyboard; sourceTree = "<group>"; };
		FE307404292FBA7600E925D4 /* Info.plist */ = {isa = PBXFileReference; lastKnownFileType = text.plist.xml; path = Info.plist; sourceTree = "<group>"; };
		FEF1AB062947B60B008EF488 /* secondViewController.swift */ = {isa = PBXFileReference; lastKnownFileType = sourcecode.swift; path = secondViewController.swift; sourceTree = "<group>"; };
/* End PBXFileReference section */

/* Begin PBXFrameworksBuildPhase section */
		FE3073F0292FBA7500E925D4 /* Frameworks */ = {
			isa = PBXFrameworksBuildPhase;
			buildActionMask = 2147483647;
			files = (
			);
			runOnlyForDeploymentPostprocessing = 0;
		};
/* End PBXFrameworksBuildPhase section */

/* Begin PBXGroup section */
		FE3073EA292FBA7500E925D4 = {
			isa = PBXGroup;
			children = (
				FE3073F5292FBA7500E925D4 /* CloneSpotify */,
				FE3073F4292FBA7500E925D4 /* Products */,
			);
			sourceTree = "<group>";
		};
		FE3073F4292FBA7500E925D4 /* Products */ = {
			isa = PBXGroup;
			children = (
				FE3073F3292FBA7500E925D4 /* CloneSpotify.app */,
			);
			name = Products;
			sourceTree = "<group>";
		};
		FE3073F5292FBA7500E925D4 /* CloneSpotify */ = {
			isa = PBXGroup;
			children = (
				FE3073F6292FBA7500E925D4 /* AppDelegate.swift */,
				FE3073F8292FBA7500E925D4 /* SceneDelegate.swift */,
				FE3073FA292FBA7500E925D4 /* ViewController.swift */,
				FEF1AB062947B60B008EF488 /* secondViewController.swift */,
				FE3073FC292FBA7500E925D4 /* Main.storyboard */,
				FE3073FF292FBA7600E925D4 /* Assets.xcassets */,
				FE307401292FBA7600E925D4 /* LaunchScreen.storyboard */,
				FE307404292FBA7600E925D4 /* Info.plist */,
			);
			path = CloneSpotify;
			sourceTree = "<group>";
		};
/* End PBXGroup section */

/* Begin PBXNativeTarget section */
		FE3073F2292FBA7500E925D4 /* CloneSpotify */ = {
			isa = PBXNativeTarget;
			buildConfigurationList = FE307407292FBA7600E925D4 /* Build configuration list for PBXNativeTarget "CloneSpotify" */;
			buildPhases = (
				FE3073EF292FBA7500E925D4 /* Sources */,
				FE3073F0292FBA7500E925D4 /* Frameworks */,
				FE3073F1292FBA7500E925D4 /* Resources */,
			);
			buildRules = (
			);
			dependencies = (
			);
			name = CloneSpotify;
			productName = CloneSpotify;
			productReference = FE3073F3292FBA7500E925D4 /* CloneSpotify.app */;
			productType = "com.apple.product-type.application";
		};
/* End PBXNativeTarget section */

/* Begin PBXProject section */
		FE3073EB292FBA7500E925D4 /* Project object */ = {
			isa = PBXProject;
			attributes = {
				LastSwiftUpdateCheck = 1240;
				LastUpgradeCheck = 1240;
				TargetAttributes = {
					FE3073F2292FBA7500E925D4 = {
						CreatedOnToolsVersion = 12.4;
					};
				};
			};
			buildConfigurationList = FE3073EE292FBA7500E925D4 /* Build configuration list for PBXProject "CloneSpotify" */;
			compatibilityVersion = "Xcode 9.3";
			developmentRegion = en;
			hasScannedForEncodings = 0;
			knownRegions = (
				en,
				Base,
			);
			mainGroup = FE3073EA292FBA7500E925D4;
			productRefGroup = FE3073F4292FBA7500E925D4 /* Products */;
			projectDirPath = "";
			projectRoot = "";
			targets = (
				FE3073F2292FBA7500E925D4 /* CloneSpotify */,
			);
		};
/* End PBXProject section */

/* Begin PBXResourcesBuildPhase section */
		FE3073F1292FBA7500E925D4 /* Resources */ = {
			isa = PBXResourcesBuildPhase;
			buildActionMask = 2147483647;
			files = (
				FE307403292FBA7600E925D4 /* LaunchScreen.storyboard in Resources */,
				FE307400292FBA7600E925D4 /* Assets.xcassets in Resources */,
				FE3073FE292FBA7500E925D4 /* Main.storyboard in Resources */,
			);
			runOnlyForDeploymentPostprocessing = 0;
		};
/* End PBXResourcesBuildPhase section */

/* Begin PBXSourcesBuildPhase section */
		FE3073EF292FBA7500E925D4 /* Sources */ = {
			isa = PBXSourcesBuildPhase;
			buildActionMask = 2147483647;
			files = (
				FEF1AB072947B60B008EF488 /* secondViewController.swift in Sources */,
				FE3073FB292FBA7500E925D4 /* ViewController.swift in Sources */,
				FE3073F7292FBA7500E925D4 /* AppDelegate.swift in Sources */,
				FE3073F9292FBA7500E925D4 /* SceneDelegate.swift in Sources */,
			);
			runOnlyForDeploymentPostprocessing = 0;
		};
/* End PBXSourcesBuildPhase section */

/* Begin PBXVariantGroup section */
		FE3073FC292FBA7500E925D4 /* Main.storyboard */ = {
			isa = PBXVariantGroup;
			children = (
				FE3073FD292FBA7500E925D4 /* Base */,
			);
			name = Main.storyboard;
			sourceTree = "<group>";
		};
		FE307401292FBA7600E925D4 /* LaunchScreen.storyboard */ = {
			isa = PBXVariantGroup;
			children = (
				FE307402292FBA7600E925D4 /* Base */,
			);
			name = LaunchScreen.storyboard;
			sourceTree = "<group>";
		};
/* End PBXVariantGroup section */

/* Begin XCBuildConfiguration section */
		FE307405292FBA7600E925D4 /* Debug */ = {
			isa = XCBuildConfiguration;
			buildSettings = {
				ALWAYS_SEARCH_USER_PATHS = NO;
				CLANG_ANALYZER_NONNULL = YES;
				CLANG_ANALYZER_NUMBER_OBJECT_CONVERSION = YES_AGGRESSIVE;
				CLANG_CXX_LANGUAGE_STANDARD = "gnu++14";
				CLANG_CXX_LIBRARY = "libc++";
				CLANG_ENABLE_MODULES = YES;
				CLANG_ENABLE_OBJC_ARC = YES;
				CLANG_ENABLE_OBJC_WEAK = YES;
				CLANG_WARN_BLOCK_CAPTURE_AUTORELEASING = YES;
				CLANG_WARN_BOOL_CONVERSION = YES;
				CLANG_WARN_COMMA = YES;
				CLANG_WARN_CONSTANT_CONVERSION = YES;
				CLANG_WARN_DEPRECATED_OBJC_IMPLEMENTATIONS = YES;
				CLANG_WARN_DIRECT_OBJC_ISA_USAGE = YES_ERROR;
				CLANG_WARN_DOCUMENTATION_COMMENTS = YES;
				CLANG_WARN_EMPTY_BODY = YES;
				CLANG_WARN_ENUM_CONVERSION = YES;
				CLANG_WARN_INFINITE_RECURSION = YES;
				CLANG_WARN_INT_CONVERSION = YES;
				CLANG_WARN_NON_LITERAL_NULL_CONVERSION = YES;
				CLANG_WARN_OBJC_IMPLICIT_RETAIN_SELF = YES;
				CLANG_WARN_OBJC_LITERAL_CONVERSION = YES;
				CLANG_WARN_OBJC_ROOT_CLASS = YES_ERROR;
				CLANG_WARN_QUOTED_INCLUDE_IN_FRAMEWORK_HEADER = YES;
				CLANG_WARN_RANGE_LOOP_ANALYSIS = YES;
				CLANG_WARN_STRICT_PROTOTYPES = YES;
				CLANG_WARN_SUSPICIOUS_MOVE = YES;
				CLANG_WARN_UNGUARDED_AVAILABILITY = YES_AGGRESSIVE;
				CLANG_WARN_UNREACHABLE_CODE = YES;
				CLANG_WARN__DUPLICATE_METHOD_MATCH = YES;
				COPY_PHASE_STRIP = NO;
				DEBUG_INFORMATION_FORMAT = dwarf;
				ENABLE_STRICT_OBJC_MSGSEND = YES;
				ENABLE_TESTABILITY = YES;
				GCC_C_LANGUAGE_STANDARD = gnu11;
				GCC_DYNAMIC_NO_PIC = NO;
				GCC_NO_COMMON_BLOCKS = YES;
				GCC_OPTIMIZATION_LEVEL = 0;
				GCC_PREPROCESSOR_DEFINITIONS = (
					"DEBUG=1",
					"$(inherited)",
				);
				GCC_WARN_64_TO_32_BIT_CONVERSION = YES;
				GCC_WARN_ABOUT_RETURN_TYPE = YES_ERROR;
				GCC_WARN_UNDECLARED_SELECTOR = YES;
				GCC_WARN_UNINITIALIZED_AUTOS = YES_AGGRESSIVE;
				GCC_WARN_UNUSED_FUNCTION = YES;
				GCC_WARN_UNUSED_VARIABLE = YES;
				IPHONEOS_DEPLOYMENT_TARGET = 14.4;
				MTL_ENABLE_DEBUG_INFO = INCLUDE_SOURCE;
				MTL_FAST_MATH = YES;
				ONLY_ACTIVE_ARCH = YES;
				SDKROOT = iphoneos;
				SWIFT_ACTIVE_COMPILATION_CONDITIONS = DEBUG;
				SWIFT_OPTIMIZATION_LEVEL = "-Onone";
			};
			name = Debug;
		};
		FE307406292FBA7600E925D4 /* Release */ = {
			isa = XCBuildConfiguration;
			buildSettings = {
				ALWAYS_SEARCH_USER_PATHS = NO;
				CLANG_ANALYZER_NONNULL = YES;
				CLANG_ANALYZER_NUMBER_OBJECT_CONVERSION = YES_AGGRESSIVE;
				CLANG_CXX_LANGUAGE_STANDARD = "gnu++14";
				CLANG_CXX_LIBRARY = "libc++";
				CLANG_ENABLE_MODULES = YES;
				CLANG_ENABLE_OBJC_ARC = YES;
				CLANG_ENABLE_OBJC_WEAK = YES;
				CLANG_WARN_BLOCK_CAPTURE_AUTORELEASING = YES;
				CLANG_WARN_BOOL_CONVERSION = YES;
				CLANG_WARN_COMMA = YES;
				CLANG_WARN_CONSTANT_CONVERSION = YES;
				CLANG_WARN_DEPRECATED_OBJC_IMPLEMENTATIONS = YES;
				CLANG_WARN_DIRECT_OBJC_ISA_USAGE = YES_ERROR;
				CLANG_WARN_DOCUMENTATION_COMMENTS = YES;
				CLANG_WARN_EMPTY_BODY = YES;
				CLANG_WARN_ENUM_CONVERSION = YES;
				CLANG_WARN_INFINITE_RECURSION = YES;
				CLANG_WARN_INT_CONVERSION = YES;
				CLANG_WARN_NON_LITERAL_NULL_CONVERSION = YES;
				CLANG_WARN_OBJC_IMPLICIT_RETAIN_SELF = YES;
				CLANG_WARN_OBJC_LITERAL_CONVERSION = YES;
				CLANG_WARN_OBJC_ROOT_CLASS = YES_ERROR;
				CLANG_WARN_QUOTED_INCLUDE_IN_FRAMEWORK_HEADER = YES;
				CLANG_WARN_RANGE_LOOP_ANALYSIS = YES;
				CLANG_WARN_STRICT_PROTOTYPES = YES;
				CLANG_WARN_SUSPICIOUS_MOVE = YES;
				CLANG_WARN_UNGUARDED_AVAILABILITY = YES_AGGRESSIVE;
				CLANG_WARN_UNREACHABLE_CODE = YES;
				CLANG_WARN__DUPLICATE_METHOD_MATCH = YES;
				COPY_PHASE_STRIP = NO;
				DEBUG_INFORMATION_FORMAT = "dwarf-with-dsym";
				ENABLE_NS_ASSERTIONS = NO;
				ENABLE_STRICT_OBJC_MSGSEND = YES;
				GCC_C_LANGUAGE_STANDARD = gnu11;
				GCC_NO_COMMON_BLOCKS = YES;
				GCC_WARN_64_TO_32_BIT_CONVERSION = YES;
				GCC_WARN_ABOUT_RETURN_TYPE = YES_ERROR;
				GCC_WARN_UNDECLARED_SELECTOR = YES;
				GCC_WARN_UNINITIALIZED_AUTOS = YES_AGGRESSIVE;
				GCC_WARN_UNUSED_FUNCTION = YES;
				GCC_WARN_UNUSED_VARIABLE = YES;
				IPHONEOS_DEPLOYMENT_TARGET = 14.4;
				MTL_ENABLE_DEBUG_INFO = NO;
				MTL_FAST_MATH = YES;
				SDKROOT = iphoneos;
				SWIFT_COMPILATION_MODE = wholemodule;
				SWIFT_OPTIMIZATION_LEVEL = "-O";
				VALIDATE_PRODUCT = YES;
			};
			name = Release;
		};
		FE307408292FBA7600E925D4 /* Debug */ = {
			isa = XCBuildConfiguration;
			buildSettings = {
				ASSETCATALOG_COMPILER_APPICON_NAME = AppIcon;
				ASSETCATALOG_COMPILER_GLOBAL_ACCENT_COLOR_NAME = AccentColor;
				CODE_SIGN_STYLE = Automatic;
				DEVELOPMENT_TEAM = V9589493U9;
				INFOPLIST_FILE = CloneSpotify/Info.plist;
				LD_RUNPATH_SEARCH_PATHS = (
					"$(inherited)",
					"@executable_path/Frameworks",
				);
				PRODUCT_BUNDLE_IDENTIFIER = com.fabianall.CloneSpotify;
				PRODUCT_NAME = "$(TARGET_NAME)";
				SWIFT_VERSION = 5.0;
				TARGETED_DEVICE_FAMILY = "1,2";
			};
			name = Debug;
		};
		FE307409292FBA7600E925D4 /* Release */ = {
			isa = XCBuildConfiguration;
			buildSettings = {
				ASSETCATALOG_COMPILER_APPICON_NAME = AppIcon;
				ASSETCATALOG_COMPILER_GLOBAL_ACCENT_COLOR_NAME = AccentColor;
				CODE_SIGN_STYLE = Automatic;
				DEVELOPMENT_TEAM = V9589493U9;
				INFOPLIST_FILE = CloneSpotify/Info.plist;
				LD_RUNPATH_SEARCH_PATHS = (
					"$(inherited)",
					"@executable_path/Frameworks",
				);
				PRODUCT_BUNDLE_IDENTIFIER = com.fabianall.CloneSpotify;
				PRODUCT_NAME = "$(TARGET_NAME)";
				SWIFT_VERSION = 5.0;
				TARGETED_DEVICE_FAMILY = "1,2";
			};
			name = Release;
		};
/* End XCBuildConfiguration section */

/* Begin XCConfigurationList section */
		FE3073EE292FBA7500E925D4 /* Build configuration list for PBXProject "CloneSpotify" */ = {
			isa = XCConfigurationList;
			buildConfigurations = (
				FE307405292FBA7600E925D4 /* Debug */,
				FE307406292FBA7600E925D4 /* Release */,
			);
			defaultConfigurationIsVisible = 0;
			defaultConfigurationName = Release;
		};
		FE307407292FBA7600E925D4 /* Build configuration list for PBXNativeTarget "CloneSpotify" */ = {
			isa = XCConfigurationList;
			buildConfigurations = (
				FE307408292FBA7600E925D4 /* Debug */,
				FE307409292FBA7600E925D4 /* Release */,
			);
			defaultConfigurationIsVisible = 0;
			defaultConfigurationName = Release;
		};
/* End XCConfigurationList section */
	};
	rootObject = FE3073EB292FBA7500E925D4 /* Project object */;
}
